{
    "hash": "60e963745986b4adf5aa52024f4fdd42",
    "packages": [
        {
            "package": "doctrine/common",
            "version": "2.2.x-dev",
            "source-reference": "1e0aa60d109c630d19543d999f12e2852ef8f932"
        },
        {
            "package": "imagine/Imagine",
            "version": "dev-develop",
            "source-reference": "ea555767c851236f31ee1e048b4cd51f448cab2e"
        },
        {
            "package": "mediavorus/mediavorus",
            "version": "dev-master",
            "source-reference": "1621c3eaa3f08172fdf0100fd4e2152210ad3fd2"
        },
        {
            "package": "monolog/monolog",
            "version": "1.0.2"
        },
        {
            "package": "php-ffmpeg/php-ffmpeg",
            "version": "dev-master",
            "source-reference": "37dda27077cb32b623033f107db7d40b44c4a71b"
        },
        {
            "package": "php-mp4box/php-mp4box",
            "version": "dev-master",
            "source-reference": "ed3ae359984793a699c540871acc1d68ca6589fe"
        },
        {
            "package": "php-unoconv/php-unoconv",
            "version": "dev-master",
            "source-reference": "27f257203be01e3343128b902a06fb82363876b8"
        },
        {
            "package": "phpexiftool/exiftool",
            "version": "dev-master",
            "source-reference": "999e660215b25a12fd3409df9a31883b6c617570"
        },
        {
            "package": "phpexiftool/phpexiftool",
            "version": "dev-master",
            "source-reference": "5dc6e9a21e4b0faf6809070bc4f1cc4fef06ead6"
        },
        {
            "package": "pimple/pimple",
            "version": "dev-master",
            "source-reference": "694448bdd2b7d802517104bdafe1a6f2591506c8",
            "alias-pretty-version": "1.0.x-dev",
            "alias-version": "1.0.9999999.9999999-dev"
        },
        {
            "package": "pimple/pimple",
            "version": "dev-master",
            "source-reference": "694448bdd2b7d802517104bdafe1a6f2591506c8"
        },
        {
            "package": "swftools/swftools",
            "version": "dev-master",
            "source-reference": "72f339293ca74606814f41fd95f8c552257d8c3b"
        },
        {
            "package": "symfony/console",
            "version": "dev-master",
            "source-reference": "afc5ecf2967bf3510363535c0389ddc0f6284784",
            "alias-pretty-version": "2.1.x-dev",
            "alias-version": "2.1.9999999.9999999-dev"
        },
        {
            "package": "symfony/console",
            "version": "dev-master",
            "source-reference": "afc5ecf2967bf3510363535c0389ddc0f6284784"
        },
        {
            "package": "symfony/dependency-injection",
            "version": "dev-master",
            "source-reference": "c7fc49daf41dc76e2e2f629474e8777837ba3fd0"
        },
        {
            "package": "symfony/dependency-injection",
            "version": "dev-master",
            "source-reference": "c7fc49daf41dc76e2e2f629474e8777837ba3fd0",
            "alias-pretty-version": "2.1.x-dev",
            "alias-version": "2.1.9999999.9999999-dev"
        },
        {
            "package": "symfony/http-foundation",
            "version": "dev-master",
            "source-reference": "5d15807c883c6a927eb3ac3c04e9a3f62b92e5b4"
        },
        {
            "package": "symfony/http-foundation",
            "version": "dev-master",
            "source-reference": "5d15807c883c6a927eb3ac3c04e9a3f62b92e5b4",
            "alias-pretty-version": "2.1.x-dev",
            "alias-version": "2.1.9999999.9999999-dev"
        },
        {
            "package": "symfony/process",
            "version": "dev-master",
            "source-reference": "f4f101fc7c1adb8b157058dcc1715f28f1d53208"
        },
        {
            "package": "symfony/process",
            "version": "dev-master",
            "source-reference": "f4f101fc7c1adb8b157058dcc1715f28f1d53208",
            "alias-pretty-version": "2.1.x-dev",
            "alias-version": "2.1.9999999.9999999-dev"
        }
    ],
    "packages-dev": null,
    "aliases": [

    ],
    "minimum-stability": "dev",
    "stability-flags": {
        "mediavorus/mediavorus": 20,
        "swftools/swftools": 20,
        "php-ffmpeg/php-ffmpeg": 20,
        "php-unoconv/php-unoconv": 20,
        "php-mp4box/php-mp4box": 20,
        "imagine/imagine": 20,
        "fabpot/php-cs-fixer": 20
    }
}
