{
    "hash": "587f0d4640c4d83ad62fbbe0513cfbac",
    "packages": [
        {
            "name": "alchemy/ghostscript",
            "version": "dev-master",
            "source": {
                "type": "git",
                "url": "git://github.com/alchemy-fr/Ghostscript-PHP.git",
                "reference": "731a477710d8a9d093574b5ee1876fabfb02b5ee"
            },
            "dist": {
                "type": "zip",
                "url": "https://github.com/alchemy-fr/Ghostscript-PHP/archive/731a477710d8a9d093574b5ee1876fabfb02b5ee.zip",
                "reference": "731a477710d8a9d093574b5ee1876fabfb02b5ee",
                "shasum": ""
            },
            "require": {
                "php": ">=5.3.3",
                "symfony/process": ">=2.0,<=2.2",
                "monolog/monolog": "1.*"
            },
            "require-dev": {
                "fabpot/php-cs-fixer": "master",
                "sami/sami": "dev-master",
                "silex/silex": "dev-master"
            },
            "time": "2012-11-27 10:34:30",
            "type": "library",
            "extra": {
                "branch-alias": {
                    "dev-master": "0.2.x-dev"
                }
            },
            "installation-source": "source",
            "autoload": {
                "psr-0": {
                    "Ghostscript": "src"
                }
            },
            "license": [
                "MIT"
            ],
            "authors": [
                {
                    "name": "Romain Neutron",
                    "email": "imprec@gmail.com",
                    "homepage": "http://www.lickmychip.com/"
                },
                {
                    "name": "Phraseanet Team",
                    "email": "info@alchemy.fr",
                    "homepage": "http://www.phraseanet.com/"
                }
            ],
            "description": "Ghostscript PDF, a library to handle PDF through ghostscript",
            "keywords": [
                "pdf",
                "ghostscript"
            ]
        },
        {
            "name": "doctrine/common",
            "version": "dev-master",
            "source": {
                "type": "git",
                "url": "https://github.com/doctrine/common",
                "reference": "d514e3920656921ba1148f16a4089222c58bc83a"
            },
            "dist": {
                "type": "zip",
                "url": "https://github.com/doctrine/common/archive/d514e3920656921ba1148f16a4089222c58bc83a.zip",
                "reference": "d514e3920656921ba1148f16a4089222c58bc83a",
                "shasum": ""
            },
            "require": {
                "php": ">=5.3.2"
            },
            "time": "2012-12-05 12:03:39",
            "type": "library",
            "extra": {
                "branch-alias": {
                    "dev-master": "2.4.x-dev"
                }
            },
            "installation-source": "source",
            "autoload": {
                "psr-0": {
                    "Doctrine\\Common\\": "lib/"
                }
            },
            "license": [
                "MIT"
            ],
            "authors": [
                {
                    "name": "Jonathan Wage",
                    "email": "jonwage@gmail.com",
                    "homepage": "http://www.jwage.com/"
                },
                {
                    "name": "Guilherme Blanco",
                    "email": "guilhermeblanco@gmail.com",
                    "homepage": "http://www.instaclick.com"
                },
                {
                    "name": "Roman Borschel",
                    "email": "roman@code-factory.org"
                },
                {
                    "name": "Benjamin Eberlei",
                    "email": "kontakt@beberlei.de"
                },
                {
                    "name": "Johannes M. Schmitt",
                    "email": "schmittjoh@gmail.com",
                    "homepage": "https://github.com/schmittjoh",
                    "role": "Developer of wrapped JMSSerializerBundle"
                }
            ],
            "description": "Common Library for Doctrine projects",
            "homepage": "http://www.doctrine-project.org",
            "keywords": [
                "collections",
                "spl",
                "eventmanager",
                "annotations",
                "persistence"
            ]
        },
        {
            "name": "imagine/Imagine",
            "version": "dev-master",
            "source": {
                "type": "git",
                "url": "https://github.com/avalanche123/Imagine",
                "reference": "v0.4.0"
            },
            "dist": {
                "type": "zip",
                "url": "https://github.com/avalanche123/Imagine/archive/v0.4.0.zip",
                "reference": "v0.4.0",
                "shasum": ""
            },
            "require": {
                "php": ">=5.3.2"
            },
            "require-dev": {
                "sami/sami": "dev-master"
            },
            "time": "2012-12-07 16:46:12",
            "type": "library",
            "installation-source": "source",
            "autoload": {
                "psr-0": {
                    "Imagine": "lib/"
                }
            },
            "license": [
                "MIT"
            ],
            "authors": [
                {
                    "name": "Bulat Shakirzyanov",
                    "email": "mallluhuct@gmail.com",
                    "homepage": "http://avalanche123.com"
                }
            ],
            "description": "Image processing for PHP 5.3",
            "homepage": "http://imagine.readthedocs.org/",
            "keywords": [
                "image manipulation",
                "image processing",
                "drawing",
                "graphics"
            ]
        },
        {
            "name": "mediavorus/mediavorus",
            "version": "dev-master",
            "source": {
                "type": "git",
                "url": "https://github.com/romainneutron/MediaVorus",
                "reference": "774d1b4c4394c8a02b9f1463dd96374c91730277"
            },
            "dist": {
                "type": "zip",
                "url": "https://github.com/romainneutron/MediaVorus/archive/774d1b4c4394c8a02b9f1463dd96374c91730277.zip",
                "reference": "774d1b4c4394c8a02b9f1463dd96374c91730277",
                "shasum": ""
            },
            "require": {
                "phpexiftool/phpexiftool": "dev-master",
                "php-ffmpeg/php-ffmpeg": "dev-master",
                "php": ">=5.3.0",
                "monolog/monolog": "1.0.*",
                "symfony/http-foundation": ">2.0,<=2.2",
                "symfony/console": ">2.0,<=2.2"
            },
            "require-dev": {
                "fabpot/php-cs-fixer": "*",
                "silex/silex": "1.0.*-dev"
            },
            "time": "2012-12-13 11:31:30",
            "type": "library",
            "extra": {
                "branch-alias": {
                    "dev-master": "0.2.x-dev"
                }
            },
            "installation-source": "source",
            "autoload": {
                "psr-0": {
                    "MediaVorus": "src"
                }
            },
            "license": [
                "MIT"
            ],
            "authors": [
                {
                    "name": "Romain Neutron",
                    "email": "imprec@gmail.com",
                    "homepage": "http://www.lickmychip.com/"
                }
            ],
            "description": "MediaVorus",
            "keywords": [
                "metadata"
            ]
        },
        {
            "name": "monolog/monolog",
            "version": "1.0.2",
            "source": {
                "type": "git",
                "url": "https://github.com/Seldaek/monolog",
                "reference": "1.0.2"
            },
            "dist": {
                "type": "zip",
                "url": "https://github.com/Seldaek/monolog/zipball/1.0.2",
                "reference": "1.0.2",
                "shasum": ""
            },
            "require": {
                "php": ">=5.3.0"
            },
            "time": "2011-10-24 02:39:02",
            "type": "library",
            "installation-source": "dist",
            "autoload": {
                "psr-0": {
                    "Monolog": "src/"
                }
            },
            "license": [
                "MIT"
            ],
            "authors": [
                {
                    "name": "Jordi Boggiano",
                    "email": "j.boggiano@seld.be",
                    "homepage": "http://seld.be",
                    "role": "Developer"
                }
            ],
            "description": "Logging for PHP 5.3",
            "homepage": "http://github.com/Seldaek/monolog",
            "keywords": [
                "log",
                "logging"
            ]
        },
        {
            "name": "php-ffmpeg/php-ffmpeg",
            "version": "dev-master",
            "source": {
                "type": "git",
                "url": "https://github.com/alchemy-fr/PHP-FFmpeg",
                "reference": "cf019896bf09f95506493ae3269627669caf9418"
            },
            "dist": {
                "type": "zip",
                "url": "https://github.com/alchemy-fr/PHP-FFmpeg/archive/cf019896bf09f95506493ae3269627669caf9418.zip",
                "reference": "cf019896bf09f95506493ae3269627669caf9418",
                "shasum": ""
            },
            "require": {
                "php": ">=5.3.3",
                "symfony/process": ">=2.0,<=2.2",
                "monolog/monolog": "1.*"
            },
            "require-dev": {
                "fabpot/php-cs-fixer": "master",
                "sami/sami": "dev-master",
                "silex/silex": "dev-master",
                "phpunit/phpunit": "3.7.*"
            },
            "suggest": {
                "php-ffmpeg/extras": "A compilation of common audio & video drivers for PHP-FFMpeg"
            },
            "time": "2012-12-12 14:23:54",
            "type": "library",
            "extra": {
                "branch-alias": {
                    "dev-master": "0.2.x-dev"
                }
            },
            "installation-source": "source",
            "autoload": {
                "psr-0": {
                    "FFMpeg": "src"
                }
            },
            "license": [
                "MIT"
            ],
            "authors": [
                {
                    "name": "Romain Neutron",
                    "email": "imprec@gmail.com",
                    "homepage": "http://www.lickmychip.com/"
                },
                {
                    "name": "Phraseanet Team",
                    "email": "info@alchemy.fr",
                    "homepage": "http://www.phraseanet.com/"
                }
            ],
            "description": "FFMpeg PHP, an Object Oriented library to communicate with AVconv / ffmpeg",
            "keywords": [
                "audio",
                "video processing",
                "video",
                "audio processing",
                "avconv",
                "ffmpeg",
                "avprobe",
                "ffprobe"
            ]
        },
        {
            "name": "php-mp4box/php-mp4box",
            "version": "dev-master",
            "source": {
                "type": "git",
                "url": "git://github.com/alchemy-fr/PHP-MP4Box.git",
                "reference": "2c272a3f77807771275fb4f2c404071e9c263e19"
            },
            "dist": {
                "type": "zip",
                "url": "https://github.com/alchemy-fr/PHP-MP4Box/archive/2c272a3f77807771275fb4f2c404071e9c263e19.zip",
                "reference": "2c272a3f77807771275fb4f2c404071e9c263e19",
                "shasum": ""
            },
            "require": {
                "monolog/monolog": "1.0.*",
                "php": ">=5.3.3",
                "symfony/process": ">=2.0,<=2.2"
            },
            "require-dev": {
                "fabpot/php-cs-fixer": "dev-master",
                "silex/silex": "dev-master"
            },
            "time": "2012-10-09 17:40:08",
            "type": "library",
            "installation-source": "source",
            "autoload": {
                "psr-0": {
                    "MP4Box": "src"
                }
            },
            "license": [
                "MIT"
            ],
            "authors": [
                {
                    "name": "Romain Neutron",
                    "email": "imprec@gmail.com",
                    "homepage": "http://www.lickmychip.com/"
                },
                {
                    "name": "Phraseanet Team",
                    "email": "info@alchemy.fr",
                    "homepage": "http://www.phraseanet.com/"
                }
            ],
            "description": "PHP MP4Box, an Object Oriented library for easy file conversion with MP4 Box"
        },
        {
            "name": "php-unoconv/php-unoconv",
            "version": "dev-master",
            "source": {
                "type": "git",
                "url": "https://github.com/alchemy-fr/PHP-Unoconv",
                "reference": "dd49df9be9ab649af37674f07393037727077124"
            },
            "dist": {
                "type": "zip",
                "url": "https://github.com/alchemy-fr/PHP-Unoconv/archive/dd49df9be9ab649af37674f07393037727077124.zip",
                "reference": "dd49df9be9ab649af37674f07393037727077124",
                "shasum": ""
            },
            "require": {
                "monolog/monolog": "1.0.*",
                "php": ">=5.3.3",
                "symfony/process": ">=2.0,<=2.2"
            },
            "require-dev": {
                "silex/silex": "dev-master",
                "fabpot/php-cs-fixer": "dev-master"
            },
            "time": "2012-10-08 16:16:40",
            "type": "library",
            "installation-source": "source",
            "autoload": {
                "psr-0": {
                    "Unoconv": "src"
                }
            },
            "license": [
                "MIT"
            ],
            "authors": [
                {
                    "name": "Romain Neutron",
                    "email": "imprec@gmail.com",
                    "homepage": "http://www.lickmychip.com/"
                },
                {
                    "name": "Phraseanet Team",
                    "email": "info@alchemy.fr",
                    "homepage": "http://www.phraseanet.com/"
                }
            ],
            "description": "Unoconv PHP, an Object Oriented library for easy file conversion with LibreOffice's unoconv"
        },
        {
            "name": "phpexiftool/exiftool",
            "version": "dev-master",
            "source": {
                "type": "git",
                "url": "https://github.com/alchemy-fr/exiftool",
                "reference": "c68d98b5a00aaf7ae0db7eebddfcde27d948e537"
            },
            "dist": {
                "type": "zip",
                "url": "https://github.com/alchemy-fr/exiftool/archive/c68d98b5a00aaf7ae0db7eebddfcde27d948e537.zip",
                "reference": "c68d98b5a00aaf7ae0db7eebddfcde27d948e537",
                "shasum": ""
            },
            "require": {
                "phpexiftool/phpexiftool": "*"
            },
            "time": "2012-08-29 16:01:26",
            "type": "library",
            "installation-source": "source",
            "license": [
                "Perl Licensing"
            ],
            "authors": [
                {
                    "name": "Phil Harvey",
                    "email": "phil@owl.phy.queensu.ca",
                    "homepage": "http://www.sno.phy.queensu.ca/~phil/exiftool/"
                }
            ],
            "description": "Exiftool is a library for reading, writing and editing meta information. This package is not PHP, but required for the main PHP driver : PHP Exiftool",
            "keywords": [
                "exiftool",
                "metadatas"
            ]
        },
        {
            "name": "phpexiftool/phpexiftool",
            "version": "dev-master",
            "source": {
                "type": "git",
                "url": "https://github.com/romainneutron/PHPExiftool",
                "reference": "c72f9a88a74c1967fb14de62f342048c8311cb9b"
            },
            "dist": {
                "type": "zip",
                "url": "https://github.com/romainneutron/PHPExiftool/archive/c72f9a88a74c1967fb14de62f342048c8311cb9b.zip",
                "reference": "c72f9a88a74c1967fb14de62f342048c8311cb9b",
                "shasum": ""
            },
            "require": {
                "php": ">=5.3.3",
                "doctrine/common": ">=2.2",
                "phpexiftool/exiftool": "dev-master",
                "symfony/process": "2.1.*"
            },
            "require-dev": {
                "symfony/css-selector": "2.1.*",
                "symfony/finder": "2.1.*",
                "symfony/console": "2.1.*",
                "symfony/dom-crawler": "2.1.*",
                "fabpot/php-cs-fixer": "dev-master",
                "sami/sami": "dev-master",
                "silex/silex": "dev-master"
            },
            "time": "2012-09-03 14:06:48",
            "type": "library",
            "installation-source": "source",
            "autoload": {
                "psr-0": {
                    "PHPExiftool": "lib"
                }
            },
            "license": [
                "MIT"
            ],
            "authors": [
                {
                    "name": "Romain Neutron",
                    "email": "imprec@gmail.com",
                    "homepage": "http://www.lickmychip.com/"
                }
            ],
            "description": "Exiftool driver for PHP",
            "keywords": [
                "metadata",
                "exiftool"
            ]
        },
        {
            "name": "pimple/pimple",
            "version": "dev-master",
            "source": {
                "type": "git",
                "url": "git://github.com/fabpot/Pimple.git",
                "reference": "v1.0.1"
            },
            "dist": {
                "type": "zip",
                "url": "https://github.com/fabpot/Pimple/archive/v1.0.1.zip",
                "reference": "v1.0.1",
                "shasum": ""
            },
            "require": {
                "php": ">=5.3.0"
            },
            "time": "2012-11-11 08:32:34",
            "type": "library",
            "extra": {
                "branch-alias": {
                    "dev-master": "1.0.x-dev"
                }
            },
            "installation-source": "source",
            "autoload": {
                "psr-0": {
                    "Pimple": "lib/"
                }
            },
            "license": [
                "MIT"
            ],
            "authors": [
                {
                    "name": "Fabien Potencier",
                    "email": "fabien@symfony.com"
                }
            ],
            "description": "Pimple is a simple Dependency Injection Container for PHP 5.3",
            "homepage": "http://pimple.sensiolabs.org",
            "keywords": [
                "dependency injection",
                "container"
            ]
        },
        {
            "name": "swftools/swftools",
            "version": "dev-master",
            "source": {
                "type": "git",
                "url": "https://github.com/alchemy-fr/PHPSwftools",
                "reference": "9b79c0fb1f43a2e84c26e908d54b1ed98091510c"
            },
            "dist": {
                "type": "zip",
                "url": "https://github.com/alchemy-fr/PHPSwftools/archive/9b79c0fb1f43a2e84c26e908d54b1ed98091510c.zip",
                "reference": "9b79c0fb1f43a2e84c26e908d54b1ed98091510c",
                "shasum": ""
            },
            "require": {
                "monolog/monolog": "1.0.*",
                "php": ">=5.3.3",
                "symfony/process": ">=2.0,<=2.2"
            },
            "require-dev": {
                "fabpot/php-cs-fixer": "dev-master",
                "sami/sami": "dev-master",
                "silex/silex": "dev-master"
            },
            "time": "2012-10-08 14:06:53",
            "type": "library",
            "installation-source": "source",
            "autoload": {
                "psr-0": {
                    "SwfTools": "src"
                }
            },
            "license": [
                "MIT"
            ],
            "authors": [
                {
                    "name": "Romain Neutron",
                    "email": "imprec@gmail.com",
                    "homepage": "http://www.lickmychip.com/"
                },
                {
                    "name": "Phraseanet Team",
                    "email": "support@alchemy.fr",
                    "homepage": "http://www.phraseanet.com/"
                }
            ],
            "description": "PHP SwfTools",
            "keywords": [
                "flash",
                "swf",
                "adobe flash"
            ]
        },
        {
            "name": "symfony/console",
            "version": "2.1.x-dev",
            "target-dir": "Symfony/Component/Console",
            "source": {
                "type": "git",
                "url": "https://github.com/symfony/Console",
                "reference": "ccfd7da81aa8a353bbd8acbe1abc69f14df64c79"
            },
            "dist": {
                "type": "zip",
                "url": "https://github.com/symfony/Console/archive/ccfd7da81aa8a353bbd8acbe1abc69f14df64c79.zip",
                "reference": "ccfd7da81aa8a353bbd8acbe1abc69f14df64c79",
                "shasum": ""
            },
            "require": {
                "php": ">=5.3.3"
            },
            "time": "2012-12-11 10:40:22",
            "type": "library",
            "installation-source": "source",
            "autoload": {
                "psr-0": {
                    "Symfony\\Component\\Console": ""
                }
            },
            "license": [
                "MIT"
            ],
            "authors": [
                {
                    "name": "Fabien Potencier",
                    "email": "fabien@symfony.com"
                },
                {
                    "name": "Symfony Community",
                    "homepage": "http://symfony.com/contributors"
                }
            ],
            "description": "Symfony Console Component",
            "homepage": "http://symfony.com"
        },
        {
            "name": "symfony/http-foundation",
            "version": "2.1.x-dev",
            "target-dir": "Symfony/Component/HttpFoundation",
            "source": {
                "type": "git",
                "url": "https://github.com/symfony/HttpFoundation",
                "reference": "ca61913ce6b24802d0e5751fd52fb56345af09dd"
            },
            "dist": {
                "type": "zip",
                "url": "https://github.com/symfony/HttpFoundation/archive/ca61913ce6b24802d0e5751fd52fb56345af09dd.zip",
                "reference": "ca61913ce6b24802d0e5751fd52fb56345af09dd",
                "shasum": ""
            },
            "require": {
                "php": ">=5.3.3"
            },
            "time": "2012-12-11 10:40:22",
            "type": "library",
            "installation-source": "source",
            "autoload": {
                "psr-0": {
                    "Symfony\\Component\\HttpFoundation": "",
                    "SessionHandlerInterface": "Symfony/Component/HttpFoundation/Resources/stubs"
                }
            },
            "license": [
                "MIT"
            ],
            "authors": [
                {
                    "name": "Fabien Potencier",
                    "email": "fabien@symfony.com"
                },
                {
                    "name": "Symfony Community",
                    "homepage": "http://symfony.com/contributors"
                }
            ],
            "description": "Symfony HttpFoundation Component",
            "homepage": "http://symfony.com"
        },
        {
            "name": "symfony/process",
            "version": "2.1.x-dev",
            "target-dir": "Symfony/Component/Process",
            "source": {
                "type": "git",
                "url": "https://github.com/symfony/Process",
                "reference": "7468a4995e421741e37467613889765f0b21c329"
            },
            "dist": {
                "type": "zip",
                "url": "https://github.com/symfony/Process/archive/7468a4995e421741e37467613889765f0b21c329.zip",
                "reference": "7468a4995e421741e37467613889765f0b21c329",
                "shasum": ""
            },
            "require": {
                "php": ">=5.3.3"
            },
            "time": "2012-12-11 10:40:22",
            "type": "library",
            "installation-source": "source",
            "autoload": {
                "psr-0": {
                    "Symfony\\Component\\Process": ""
                }
            },
            "license": [
                "MIT"
            ],
            "authors": [
                {
                    "name": "Fabien Potencier",
                    "email": "fabien@symfony.com"
                },
                {
                    "name": "Symfony Community",
                    "homepage": "http://symfony.com/contributors"
                }
            ],
            "description": "Symfony Process Component",
            "homepage": "http://symfony.com"
        }
    ],
    "packages-dev": [
        {
            "name": "grom/silex-service-provider",
            "version": "dev-master",
            "source": {
                "type": "git",
                "url": "https://github.com/GromNaN/SilexServiceProvider.git",
                "reference": "1d37fa54aaecfacb68fde4c60392da0c1ca6300d"
            },
            "dist": {
                "type": "zip",
                "url": "https://github.com/GromNaN/SilexServiceProvider/archive/1d37fa54aaecfacb68fde4c60392da0c1ca6300d.zip",
                "reference": "1d37fa54aaecfacb68fde4c60392da0c1ca6300d",
                "shasum": ""
            },
            "require": {
                "silex/silex": ">=1.0.0-dev",
                "knplabs/knp-snappy": "dev-master",
                "imagine/imagine": "*"
            },
            "time": "2012-06-03 01:27:23",
            "type": "library",
            "installation-source": "source",
            "autoload": {
                "psr-0": {
                    "Grom\\Silex": "src"
                }
            },
            "license": [
                "MIT"
            ],
            "authors": [
                {
                    "name": "Jérôme Tamarelle",
                    "email": "jerome@tamarelle.net"
                }
            ],
            "description": "Imagine & KnpSnappy integration for Silex.",
            "homepage": "http://github.com/GromNaN/SilexServiceProvider",
            "keywords": [
                "silex",
                "image",
                "snappy",
                "pdf",
                "imagine"
            ]
        },
        {
            "name": "knplabs/knp-snappy",
            "version": "dev-master",
            "source": {
                "type": "git",
                "url": "git://github.com/KnpLabs/snappy.git",
                "reference": "0.1.0"
            },
            "dist": {
                "type": "zip",
                "url": "https://github.com/KnpLabs/snappy/archive/0.1.0.zip",
                "reference": "0.1.0",
                "shasum": ""
            },
            "require": {
                "php": ">=5.3.0"
            },
            "suggest": {
                "symfony/process": "Process Component of Symfony2."
            },
            "time": "2012-11-07 09:48:01",
            "type": "library",
            "installation-source": "source",
            "autoload": {
                "psr-0": {
                    "Knp\\Snappy": "src/"
                }
            },
            "license": [
                "MIT"
            ],
            "authors": [
                {
                    "name": "KnpLabs Team",
                    "homepage": "http://knplabs.com"
                },
                {
                    "name": "Symfony Community",
                    "homepage": "http://github.com/KnpLabs/snappy/contributors"
                }
            ],
            "description": "PHP5 library allowing thumbnail, snapshot or PDF generation from a url or a html page. Wrapper for wkhtmltopdf/wkhtmltoimage.",
            "homepage": "http://github.com/KnpLabs/snappy",
            "keywords": [
                "knp",
                "knplabs",
                "pdf",
                "thumbnail",
                "snapshot"
            ]
        },
        {
            "name": "silex/silex",
            "version": "dev-master",
            "source": {
                "type": "git",
                "url": "git://github.com/fabpot/Silex.git",
                "reference": "c2fc658327addb94f9032c45b851a0176c3ee850"
            },
            "dist": {
                "type": "zip",
                "url": "https://github.com/fabpot/Silex/archive/c2fc658327addb94f9032c45b851a0176c3ee850.zip",
                "reference": "c2fc658327addb94f9032c45b851a0176c3ee850",
                "shasum": ""
            },
            "require": {
                "php": ">=5.3.3",
                "pimple/pimple": "1.*",
                "symfony/event-dispatcher": ">=2.1,<2.3-dev",
                "symfony/http-foundation": ">=2.1,<2.3-dev",
                "symfony/http-kernel": ">=2.1,<2.3-dev",
                "symfony/routing": ">=2.1,<2.3-dev"
            },
            "require-dev": {
                "monolog/monolog": ">=1.0.0,<1.2-dev",
                "twig/twig": ">=1.8.0,<2.0-dev",
                "swiftmailer/swiftmailer": "4.2.*",
                "doctrine/dbal": ">=2.2.0,<2.4.0-dev",
                "symfony/security": ">=2.1,<2.3-dev",
                "symfony/config": ">=2.1,<2.3-dev",
                "symfony/locale": ">=2.1,<2.3-dev",
                "symfony/form": ">=2.1,<2.3-dev",
                "symfony/browser-kit": ">=2.1,<2.3-dev",
                "symfony/css-selector": ">=2.1,<2.3-dev",
                "symfony/finder": ">=2.1,<2.3-dev",
                "symfony/monolog-bridge": ">=2.1,<2.3-dev",
                "symfony/process": ">=2.1,<2.3-dev",
                "symfony/translation": ">=2.1,<2.3-dev",
                "symfony/twig-bridge": ">=2.1,<2.3-dev",
                "symfony/validator": ">=2.1,<2.3-dev",
                "symfony/serializer": ">=2.1,<2.3-dev"
            },
            "suggest": {
                "symfony/browser-kit": ">=2.1,<2.3-dev",
                "symfony/css-selector": ">=2.1,<2.3-dev",
                "symfony/dom-crawler": ">=2.1,<2.3-dev"
            },
            "time": "2012-12-12 21:20:27",
            "type": "library",
            "extra": {
                "branch-alias": {
                    "dev-master": "1.0.x-dev"
                }
            },
            "installation-source": "source",
            "autoload": {
                "psr-0": {
                    "Silex": "src/"
                }
            },
            "license": [
                "MIT"
            ],
            "authors": [
                {
                    "name": "Fabien Potencier",
                    "email": "fabien@symfony.com"
                },
                {
                    "name": "Igor Wiedler",
                    "email": "igor@wiedler.ch",
                    "homepage": "http://wiedler.ch/igor/"
                }
            ],
            "description": "The PHP micro-framework based on the Symfony2 Components",
            "homepage": "http://silex.sensiolabs.org",
            "keywords": [
                "microframework"
            ]
        },
        {
            "name": "symfony/event-dispatcher",
            "version": "2.1.x-dev",
            "target-dir": "Symfony/Component/EventDispatcher",
            "source": {
                "type": "git",
                "url": "https://github.com/symfony/EventDispatcher",
                "reference": "df9bde91f8f6fa7fb40996edf30e632cfc606b4a"
            },
            "dist": {
                "type": "zip",
                "url": "https://github.com/symfony/EventDispatcher/archive/df9bde91f8f6fa7fb40996edf30e632cfc606b4a.zip",
                "reference": "df9bde91f8f6fa7fb40996edf30e632cfc606b4a",
                "shasum": ""
            },
            "require": {
                "php": ">=5.3.3"
            },
            "require-dev": {
                "symfony/dependency-injection": "2.1.*"
            },
            "suggest": {
                "symfony/dependency-injection": "2.1.*",
                "symfony/http-kernel": "2.1.*"
            },
            "time": "2012-12-06 10:00:55",
            "type": "library",
            "installation-source": "source",
            "autoload": {
                "psr-0": {
                    "Symfony\\Component\\EventDispatcher": ""
                }
            },
            "license": [
                "MIT"
            ],
            "authors": [
                {
                    "name": "Fabien Potencier",
                    "email": "fabien@symfony.com"
                },
                {
                    "name": "Symfony Community",
                    "homepage": "http://symfony.com/contributors"
                }
            ],
            "description": "Symfony EventDispatcher Component",
            "homepage": "http://symfony.com"
        },
        {
            "name": "symfony/http-kernel",
            "version": "2.1.x-dev",
            "target-dir": "Symfony/Component/HttpKernel",
            "source": {
                "type": "git",
                "url": "https://github.com/symfony/HttpKernel",
                "reference": "8500be95a0b0107d799486b7e6a9bd78cea0bd6b"
            },
            "dist": {
                "type": "zip",
                "url": "https://github.com/symfony/HttpKernel/archive/8500be95a0b0107d799486b7e6a9bd78cea0bd6b.zip",
                "reference": "8500be95a0b0107d799486b7e6a9bd78cea0bd6b",
                "shasum": ""
            },
            "require": {
                "php": ">=5.3.3",
                "symfony/event-dispatcher": "2.1.*",
                "symfony/http-foundation": "2.1.*"
            },
            "require-dev": {
                "symfony/browser-kit": "2.1.*",
                "symfony/class-loader": "2.1.*",
                "symfony/config": "2.1.*",
                "symfony/console": "2.1.*",
                "symfony/dependency-injection": "2.1.*",
                "symfony/finder": "2.1.*",
                "symfony/process": "2.1.*",
                "symfony/routing": "2.1.*"
            },
            "suggest": {
                "symfony/browser-kit": "2.1.*",
                "symfony/class-loader": "2.1.*",
                "symfony/config": "2.1.*",
                "symfony/console": "2.1.*",
                "symfony/dependency-injection": "2.1.*",
                "symfony/finder": "2.1.*"
            },
            "time": "2012-12-11 10:40:22",
            "type": "library",
            "installation-source": "source",
            "autoload": {
                "psr-0": {
                    "Symfony\\Component\\HttpKernel": ""
                }
            },
            "license": [
                "MIT"
            ],
            "authors": [
                {
                    "name": "Fabien Potencier",
                    "email": "fabien@symfony.com"
                },
                {
                    "name": "Symfony Community",
                    "homepage": "http://symfony.com/contributors"
                }
            ],
            "description": "Symfony HttpKernel Component",
            "homepage": "http://symfony.com"
        },
        {
            "name": "symfony/routing",
            "version": "dev-master",
            "target-dir": "Symfony/Component/Routing",
            "source": {
                "type": "git",
                "url": "https://github.com/symfony/Routing",
                "reference": "e98510a5459fcaa686523b854a816aa569f2687f"
            },
            "dist": {
                "type": "zip",
                "url": "https://github.com/symfony/Routing/archive/e98510a5459fcaa686523b854a816aa569f2687f.zip",
                "reference": "e98510a5459fcaa686523b854a816aa569f2687f",
                "shasum": ""
            },
            "require": {
                "php": ">=5.3.3"
            },
            "require-dev": {
                "doctrine/common": ">=2.2,<2.4-dev",
                "symfony/config": "2.2.*",
                "symfony/yaml": "2.2.*",
                "symfony/http-kernel": "2.2.*"
            },
            "suggest": {
                "doctrine/common": ">=2.2,<2.4-dev",
                "symfony/config": "2.2.*",
                "symfony/yaml": "2.2.*"
            },
            "time": "2012-12-11 17:46:52",
            "type": "library",
            "extra": {
                "branch-alias": {
                    "dev-master": "2.2-dev"
                }
            },
            "installation-source": "source",
            "autoload": {
                "psr-0": {
                    "Symfony\\Component\\Routing\\": ""
                }
            },
            "license": [
                "MIT"
            ],
            "authors": [
                {
                    "name": "Fabien Potencier",
                    "email": "fabien@symfony.com"
                },
                {
                    "name": "Symfony Community",
                    "homepage": "http://symfony.com/contributors"
                }
            ],
            "description": "Symfony Routing Component",
            "homepage": "http://symfony.com"
        }
    ],
    "aliases": [

    ],
    "minimum-stability": "dev",
    "stability-flags": {
        "swftools/swftools": 20,
        "php-unoconv/php-unoconv": 20,
        "php-mp4box/php-mp4box": 20,
        "phpexiftool/phpexiftool": 20,
        "grom/silex-service-provider": 20
    }
}
