{
    "hash": "c2bfdbd3060519816810a0cef99db69a",
    "packages": [
        {
            "package": "doctrine/common",
            "version": "2.2.x-dev",
            "source-reference": "1e0aa60d109c630d19543d999f12e2852ef8f932",
            "commit-date": "1334303204"
        },
        {
            "package": "imagine/Imagine",
            "version": "dev-develop",
            "source-reference": "ea555767c851236f31ee1e048b4cd51f448cab2e",
            "commit-date": "1339599310"
        },
        {
            "package": "mediavorus/mediavorus",
            "version": "dev-master",
            "source-reference": "1987597da05a87b3e0676a666f51f1b0b13fe093",
            "commit-date": "1342193047"
        },
        {
            "package": "monolog/monolog",
            "version": "1.0.2"
        },
        {
            "package": "php-ffmpeg/php-ffmpeg",
            "version": "dev-master",
            "source-reference": "b6b8bd502131e0dd82f53517ccc84d3de2c09424",
            "commit-date": "1340268165"
        },
        {
            "package": "php-mp4box/php-mp4box",
            "version": "dev-master",
            "source-reference": "ed3ae359984793a699c540871acc1d68ca6589fe",
            "commit-date": "1335481578"
        },
        {
            "package": "php-unoconv/php-unoconv",
            "version": "dev-master",
            "source-reference": "27f257203be01e3343128b902a06fb82363876b8",
            "commit-date": "1335481542"
        },
        {
            "package": "phpexiftool/exiftool",
            "version": "dev-master",
            "source-reference": "999e660215b25a12fd3409df9a31883b6c617570",
            "commit-date": "1339513761"
        },
        {
            "package": "phpexiftool/phpexiftool",
            "version": "dev-master",
            "source-reference": "5dc6e9a21e4b0faf6809070bc4f1cc4fef06ead6",
            "commit-date": "1339680734"
        },
        {
            "package": "pimple/pimple",
            "version": "dev-master",
            "alias-pretty-version": "1.0.x-dev",
            "alias-version": "1.0.9999999.9999999-dev"
        },
        {
            "package": "pimple/pimple",
            "version": "dev-master",
            "source-reference": "d2cfa2f02f50abef65c238747c753a5f6786f6be",
            "commit-date": "1341139100"
        },
        {
            "package": "swftools/swftools",
            "version": "dev-master",
            "source-reference": "72f339293ca74606814f41fd95f8c552257d8c3b",
            "commit-date": "1339439296"
        },
        {
            "package": "symfony/console",
            "version": "dev-master",
            "alias-pretty-version": "2.1.x-dev",
            "alias-version": "2.1.9999999.9999999-dev"
        },
        {
            "package": "symfony/console",
            "version": "dev-master",
            "source-reference": "1438f833e8dd2fcc07683fbfe264d2977e444129",
            "commit-date": "1342170356"
        },
        {
            "package": "symfony/dependency-injection",
            "version": "dev-master",
            "alias-pretty-version": "2.1.x-dev",
            "alias-version": "2.1.9999999.9999999-dev"
        },
        {
            "package": "symfony/dependency-injection",
            "version": "dev-master",
            "source-reference": "803f11bdfd4730da01221b5ecb6a935a5f9b6bff",
            "commit-date": "1341838460"
        },
        {
            "package": "symfony/http-foundation",
            "version": "dev-master",
            "alias-pretty-version": "2.1.x-dev",
            "alias-version": "2.1.9999999.9999999-dev"
        },
        {
            "package": "symfony/http-foundation",
            "version": "dev-master",
            "source-reference": "3399f6f068cd41f1b42140699db1f1e6d3bcb361",
            "commit-date": "1342107786"
        },
        {
            "package": "symfony/process",
            "version": "dev-master",
            "alias-pretty-version": "2.1.x-dev",
            "alias-version": "2.1.9999999.9999999-dev"
        },
        {
            "package": "symfony/process",
            "version": "dev-master",
            "source-reference": "f78e5d1e0f74532ff2e9269a18c7202dc25159e9",
            "commit-date": "1342010717"
        }
    ],
    "packages-dev": [
        {
            "package": "fabpot/php-cs-fixer",
            "version": "dev-master",
            "source-reference": "9b13373840537c91bf830b1b45e39b223e5dd438",
            "commit-date": "1341582702"
        },
        {
            "package": "symfony/filesystem",
            "version": "dev-master",
            "alias-pretty-version": "2.1.x-dev",
            "alias-version": "2.1.9999999.9999999-dev"
        },
        {
            "package": "symfony/filesystem",
            "version": "dev-master",
            "source-reference": "fb6c06fc937f4e2bf48f137974d06bcde444f6b1",
            "commit-date": "1341958957"
        },
        {
            "package": "symfony/finder",
            "version": "dev-master",
            "alias-pretty-version": "2.1.x-dev",
            "alias-version": "2.1.9999999.9999999-dev"
        },
        {
            "package": "symfony/finder",
            "version": "dev-master",
            "source-reference": "53377047bae92edd04e232c79b653d2beb309bf6",
            "commit-date": "1341846417"
        }
    ],
    "aliases": [

    ],
    "minimum-stability": "dev",
    "stability-flags": {
        "mediavorus/mediavorus": 20,
        "swftools/swftools": 20,
        "php-ffmpeg/php-ffmpeg": 20,
        "php-unoconv/php-unoconv": 20,
        "php-mp4box/php-mp4box": 20,
        "imagine/imagine": 20,
        "fabpot/php-cs-fixer": 20
    }
}
